
Microsoft Visual Studio Solution File, Format Version 12.00
# Visual Studio Version 17
VisualStudioVersion = 17.4.33213.308
MinimumVisualStudioVersion = 10.0.40219.1
Project("{8BC9CEB8-8B4A-11D0-8D11-00A0C91BC942}") = "HomeWork-2.5.1", "HomeWork-2.5.1.vcxproj", "{7A685236-4379-42F8-87B0-1E5DD3E5A64D}"
EndProject
Global
	GlobalSection(SolutionConfigurationPlatforms) = preSolution
		Debug|x64 = Debug|x64
		Debug|x86 = Debug|x86
		Release|x64 = Release|x64
		Release|x86 = Release|x86
	EndGlobalSection
	GlobalSection(ProjectConfigurationPlatforms) = postSolution
		{7A685236-4379-42F8-87B0-1E5DD3E5A64D}.Debug|x64.ActiveCfg = Debug|x64
		{7A685236-4379-42F8-87B0-1E5DD3E5A64D}.Debug|x64.Build.0 = Debug|x64
		{7A685236-4379-42F8-87B0-1E5DD3E5A64D}.Debug|x86.ActiveCfg = Debug|Win32
		{7A685236-4379-42F8-87B0-1E5DD3E5A64D}.Debug|x86.Build.0 = Debug|Win32
		{7A685236-4379-42F8-87B0-1E5DD3E5A64D}.Release|x64.ActiveCfg = Release|x64
		{7A685236-4379-42F8-87B0-1E5DD3E5A64D}.Release|x64.Build.0 = Release|x64
		{7A685236-4379-42F8-87B0-1E5DD3E5A64D}.Release|x86.ActiveCfg = Release|Win32
		{7A685236-4379-42F8-87B0-1E5DD3E5A64D}.Release|x86.Build.0 = Release|Win32
	EndGlobalSection
	GlobalSection(SolutionProperties) = preSolution
		HideSolutionNode = FALSE
	EndGlobalSection
	GlobalSection(ExtensibilityGlobals) = postSolution
		SolutionGuid = {C3D9FED7-FA86-4F84-AFF6-74CD3D61DAE4}
	EndGlobalSection
EndGlobal
